// !$*UTF8*$!
{
	archiveVersion = 1;
	classes = {
	};
	objectVersion = 56;
	objects = {

/* Begin PBXBuildFile section */
		042AA7812B8E2E7A008E8012 /* StocksAppApp.swift in Sources */ = {isa = PBXBuildFile; fileRef = 042AA7802B8E2E7A008E8012 /* StocksAppApp.swift */; };
		042AA7832B8E2E7A008E8012 /* ContentView.swift in Sources */ = {isa = PBXBuildFile; fileRef = 042AA7822B8E2E7A008E8012 /* ContentView.swift */; };
		042AA7852B8E2E7B008E8012 /* Assets.xcassets in Resources */ = {isa = PBXBuildFile; fileRef = 042AA7842B8E2E7B008E8012 /* Assets.xcassets */; };
		042AA7882B8E2E7B008E8012 /* Preview Assets.xcassets in Resources */ = {isa = PBXBuildFile; fileRef = 042AA7872B8E2E7B008E8012 /* Preview Assets.xcassets */; };
		042AA78A2B8E2E7B008E8012 /* Persistence.swift in Sources */ = {isa = PBXBuildFile; fileRef = 042AA7892B8E2E7B008E8012 /* Persistence.swift */; };
		042AA78D2B8E2E7B008E8012 /* StocksApp.xcdatamodeld in Sources */ = {isa = PBXBuildFile; fileRef = 042AA78B2B8E2E7B008E8012 /* StocksApp.xcdatamodeld */; };
		042AA7972B8E2E7B008E8012 /* StocksAppTests.swift in Sources */ = {isa = PBXBuildFile; fileRef = 042AA7962B8E2E7B008E8012 /* StocksAppTests.swift */; };
		042AA7A12B8E2E7B008E8012 /* StocksAppUITests.swift in Sources */ = {isa = PBXBuildFile; fileRef = 042AA7A02B8E2E7B008E8012 /* StocksAppUITests.swift */; };
		042AA7A32B8E2E7B008E8012 /* StocksAppUITestsLaunchTests.swift in Sources */ = {isa = PBXBuildFile; fileRef = 042AA7A22B8E2E7B008E8012 /* StocksAppUITestsLaunchTests.swift */; };
		042AA7B22B8E462C008E8012 /* StockData.swift in Sources */ = {isa = PBXBuildFile; fileRef = 042AA7B12B8E462C008E8012 /* StockData.swift */; };
		042AA7B52B8E4AFF008E8012 /* ContentViewModel.swift in Sources */ = {isa = PBXBuildFile; fileRef = 042AA7B42B8E4AFF008E8012 /* ContentViewModel.swift */; };
		042AA7B72B90CF46008E8012 /* LineChart.swift in Sources */ = {isa = PBXBuildFile; fileRef = 042AA7B62B90CF46008E8012 /* LineChart.swift */; };
		0442A2222B9AC9C500217A09 /* WidgetKit.framework in Frameworks */ = {isa = PBXBuildFile; fileRef = 0442A2212B9AC9C500217A09 /* WidgetKit.framework */; };
		0442A2242B9AC9C500217A09 /* SwiftUI.framework in Frameworks */ = {isa = PBXBuildFile; fileRef = 0442A2232B9AC9C500217A09 /* SwiftUI.framework */; };
		0442A2272B9AC9C500217A09 /* StocksWidgetBundle.swift in Sources */ = {isa = PBXBuildFile; fileRef = 0442A2262B9AC9C500217A09 /* StocksWidgetBundle.swift */; };
		0442A2292B9AC9C500217A09 /* StocksWidgetLiveActivity.swift in Sources */ = {isa = PBXBuildFile; fileRef = 0442A2282B9AC9C500217A09 /* StocksWidgetLiveActivity.swift */; };
		0442A22B2B9AC9C500217A09 /* StocksWidget.swift in Sources */ = {isa = PBXBuildFile; fileRef = 0442A22A2B9AC9C500217A09 /* StocksWidget.swift */; };
		0442A22D2B9AC9C500217A09 /* AppIntent.swift in Sources */ = {isa = PBXBuildFile; fileRef = 0442A22C2B9AC9C500217A09 /* AppIntent.swift */; };
		0442A22F2B9AC9C600217A09 /* Assets.xcassets in Resources */ = {isa = PBXBuildFile; fileRef = 0442A22E2B9AC9C600217A09 /* Assets.xcassets */; };
		0442A2332B9AC9C600217A09 /* StocksWidgetExtension.appex in Embed Foundation Extensions */ = {isa = PBXBuildFile; fileRef = 0442A21F2B9AC9C500217A09 /* StocksWidgetExtension.appex */; settings = {ATTRIBUTES = (RemoveHeadersOnCopy, ); }; };
		0442A23B2B9CB27C00217A09 /* TimelineProvider.swift in Sources */ = {isa = PBXBuildFile; fileRef = 0442A23A2B9CB27C00217A09 /* TimelineProvider.swift */; };
		0442A23D2B9CB2CB00217A09 /* TimelineEntry.swift in Sources */ = {isa = PBXBuildFile; fileRef = 0442A23C2B9CB2CB00217A09 /* TimelineEntry.swift */; };
		0442A2402B9CB30B00217A09 /* StocksWidgetView.swift in Sources */ = {isa = PBXBuildFile; fileRef = 0442A23F2B9CB30B00217A09 /* StocksWidgetView.swift */; };
		0442A2412B9CB3EE00217A09 /* LineChart.swift in Sources */ = {isa = PBXBuildFile; fileRef = 042AA7B62B90CF46008E8012 /* LineChart.swift */; };
		0442A2422B9CB42A00217A09 /* StockData.swift in Sources */ = {isa = PBXBuildFile; fileRef = 042AA7B12B8E462C008E8012 /* StockData.swift */; };
		0442A2452B9CB45300217A09 /* StockService.swift in Sources */ = {isa = PBXBuildFile; fileRef = 0442A2442B9CB45300217A09 /* StockService.swift */; };
		0442A2462B9CB5AF00217A09 /* StockService.swift in Sources */ = {isa = PBXBuildFile; fileRef = 0442A2442B9CB45300217A09 /* StockService.swift */; };
/* End PBXBuildFile section */

/* Begin PBXContainerItemProxy section */
		042AA7932B8E2E7B008E8012 /* PBXContainerItemProxy */ = {
			isa = PBXContainerItemProxy;
			containerPortal = 042AA7752B8E2E7A008E8012 /* Project object */;
			proxyType = 1;
			remoteGlobalIDString = 042AA77C2B8E2E7A008E8012;
			remoteInfo = StocksApp;
		};
		042AA79D2B8E2E7B008E8012 /* PBXContainerItemProxy */ = {
			isa = PBXContainerItemProxy;
			containerPortal = 042AA7752B8E2E7A008E8012 /* Project object */;
			proxyType = 1;
			remoteGlobalIDString = 042AA77C2B8E2E7A008E8012;
			remoteInfo = StocksApp;
		};
		0442A2312B9AC9C600217A09 /* PBXContainerItemProxy */ = {
			isa = PBXContainerItemProxy;
			containerPortal = 042AA7752B8E2E7A008E8012 /* Project object */;
			proxyType = 1;
			remoteGlobalIDString = 0442A21E2B9AC9C500217A09;
			remoteInfo = StocksWidgetExtension;
		};
/* End PBXContainerItemProxy section */

/* Begin PBXCopyFilesBuildPhase section */
		0442A2342B9AC9C600217A09 /* Embed Foundation Extensions */ = {
			isa = PBXCopyFilesBuildPhase;
			buildActionMask = 2147483647;
			dstPath = "";
			dstSubfolderSpec = 13;
			files = (
				0442A2332B9AC9C600217A09 /* StocksWidgetExtension.appex in Embed Foundation Extensions */,
			);
			name = "Embed Foundation Extensions";
			runOnlyForDeploymentPostprocessing = 0;
		};
/* End PBXCopyFilesBuildPhase section */

/* Begin PBXFileReference section */
		042AA77D2B8E2E7A008E8012 /* StocksApp.app */ = {isa = PBXFileReference; explicitFileType = wrapper.application; includeInIndex = 0; path = StocksApp.app; sourceTree = BUILT_PRODUCTS_DIR; };
		042AA7802B8E2E7A008E8012 /* StocksAppApp.swift */ = {isa = PBXFileReference; lastKnownFileType = sourcecode.swift; path = StocksAppApp.swift; sourceTree = "<group>"; };
		042AA7822B8E2E7A008E8012 /* ContentView.swift */ = {isa = PBXFileReference; lastKnownFileType = sourcecode.swift; path = ContentView.swift; sourceTree = "<group>"; };
		042AA7842B8E2E7B008E8012 /* Assets.xcassets */ = {isa = PBXFileReference; lastKnownFileType = folder.assetcatalog; path = Assets.xcassets; sourceTree = "<group>"; };
		042AA7872B8E2E7B008E8012 /* Preview Assets.xcassets */ = {isa = PBXFileReference; lastKnownFileType = folder.assetcatalog; path = "Preview Assets.xcassets"; sourceTree = "<group>"; };
		042AA7892B8E2E7B008E8012 /* Persistence.swift */ = {isa = PBXFileReference; lastKnownFileType = sourcecode.swift; path = Persistence.swift; sourceTree = "<group>"; };
		042AA78C2B8E2E7B008E8012 /* StocksApp.xcdatamodel */ = {isa = PBXFileReference; lastKnownFileType = wrapper.xcdatamodel; path = StocksApp.xcdatamodel; sourceTree = "<group>"; };
		042AA7922B8E2E7B008E8012 /* StocksAppTests.xctest */ = {isa = PBXFileReference; explicitFileType = wrapper.cfbundle; includeInIndex = 0; path = StocksAppTests.xctest; sourceTree = BUILT_PRODUCTS_DIR; };
		042AA7962B8E2E7B008E8012 /* StocksAppTests.swift */ = {isa = PBXFileReference; lastKnownFileType = sourcecode.swift; path = StocksAppTests.swift; sourceTree = "<group>"; };
		042AA79C2B8E2E7B008E8012 /* StocksAppUITests.xctest */ = {isa = PBXFileReference; explicitFileType = wrapper.cfbundle; includeInIndex = 0; path = StocksAppUITests.xctest; sourceTree = BUILT_PRODUCTS_DIR; };
		042AA7A02B8E2E7B008E8012 /* StocksAppUITests.swift */ = {isa = PBXFileReference; lastKnownFileType = sourcecode.swift; path = StocksAppUITests.swift; sourceTree = "<group>"; };
		042AA7A22B8E2E7B008E8012 /* StocksAppUITestsLaunchTests.swift */ = {isa = PBXFileReference; lastKnownFileType = sourcecode.swift; path = StocksAppUITestsLaunchTests.swift; sourceTree = "<group>"; };
		042AA7B12B8E462C008E8012 /* StockData.swift */ = {isa = PBXFileReference; lastKnownFileType = sourcecode.swift; path = StockData.swift; sourceTree = "<group>"; };
		042AA7B42B8E4AFF008E8012 /* ContentViewModel.swift */ = {isa = PBXFileReference; lastKnownFileType = sourcecode.swift; path = ContentViewModel.swift; sourceTree = "<group>"; };
		042AA7B62B90CF46008E8012 /* LineChart.swift */ = {isa = PBXFileReference; lastKnownFileType = sourcecode.swift; path = LineChart.swift; sourceTree = "<group>"; };
		0442A21F2B9AC9C500217A09 /* StocksWidgetExtension.appex */ = {isa = PBXFileReference; explicitFileType = "wrapper.app-extension"; includeInIndex = 0; path = StocksWidgetExtension.appex; sourceTree = BUILT_PRODUCTS_DIR; };
		0442A2212B9AC9C500217A09 /* WidgetKit.framework */ = {isa = PBXFileReference; lastKnownFileType = wrapper.framework; name = WidgetKit.framework; path = System/Library/Frameworks/WidgetKit.framework; sourceTree = SDKROOT; };
		0442A2232B9AC9C500217A09 /* SwiftUI.framework */ = {isa = PBXFileReference; lastKnownFileType = wrapper.framework; name = SwiftUI.framework; path = System/Library/Frameworks/SwiftUI.framework; sourceTree = SDKROOT; };
		0442A2262B9AC9C500217A09 /* StocksWidgetBundle.swift */ = {isa = PBXFileReference; lastKnownFileType = sourcecode.swift; path = StocksWidgetBundle.swift; sourceTree = "<group>"; };
		0442A2282B9AC9C500217A09 /* StocksWidgetLiveActivity.swift */ = {isa = PBXFileReference; lastKnownFileType = sourcecode.swift; path = StocksWidgetLiveActivity.swift; sourceTree = "<group>"; };
		0442A22A2B9AC9C500217A09 /* StocksWidget.swift */ = {isa = PBXFileReference; lastKnownFileType = sourcecode.swift; path = StocksWidget.swift; sourceTree = "<group>"; };
		0442A22C2B9AC9C500217A09 /* AppIntent.swift */ = {isa = PBXFileReference; lastKnownFileType = sourcecode.swift; path = AppIntent.swift; sourceTree = "<group>"; };
		0442A22E2B9AC9C600217A09 /* Assets.xcassets */ = {isa = PBXFileReference; lastKnownFileType = folder.assetcatalog; path = Assets.xcassets; sourceTree = "<group>"; };
		0442A2302B9AC9C600217A09 /* Info.plist */ = {isa = PBXFileReference; lastKnownFileType = text.plist.xml; path = Info.plist; sourceTree = "<group>"; };
		0442A23A2B9CB27C00217A09 /* TimelineProvider.swift */ = {isa = PBXFileReference; lastKnownFileType = sourcecode.swift; path = TimelineProvider.swift; sourceTree = "<group>"; };
		0442A23C2B9CB2CB00217A09 /* TimelineEntry.swift */ = {isa = PBXFileReference; lastKnownFileType = sourcecode.swift; path = TimelineEntry.swift; sourceTree = "<group>"; };
		0442A23F2B9CB30B00217A09 /* StocksWidgetView.swift */ = {isa = PBXFileReference; lastKnownFileType = sourcecode.swift; path = StocksWidgetView.swift; sourceTree = "<group>"; };
		0442A2442B9CB45300217A09 /* StockService.swift */ = {isa = PBXFileReference; lastKnownFileType = sourcecode.swift; path = StockService.swift; sourceTree = "<group>"; };
/* End PBXFileReference section */

/* Begin PBXFrameworksBuildPhase section */
		042AA77A2B8E2E7A008E8012 /* Frameworks */ = {
			isa = PBXFrameworksBuildPhase;
			buildActionMask = 2147483647;
			files = (
			);
			runOnlyForDeploymentPostprocessing = 0;
		};
		042AA78F2B8E2E7B008E8012 /* Frameworks */ = {
			isa = PBXFrameworksBuildPhase;
			buildActionMask = 2147483647;
			files = (
			);
			runOnlyForDeploymentPostprocessing = 0;
		};
		042AA7992B8E2E7B008E8012 /* Frameworks */ = {
			isa = PBXFrameworksBuildPhase;
			buildActionMask = 2147483647;
			files = (
			);
			runOnlyForDeploymentPostprocessing = 0;
		};
		0442A21C2B9AC9C500217A09 /* Frameworks */ = {
			isa = PBXFrameworksBuildPhase;
			buildActionMask = 2147483647;
			files = (
				0442A2242B9AC9C500217A09 /* SwiftUI.framework in Frameworks */,
				0442A2222B9AC9C500217A09 /* WidgetKit.framework in Frameworks */,
			);
			runOnlyForDeploymentPostprocessing = 0;
		};
/* End PBXFrameworksBuildPhase section */

/* Begin PBXGroup section */
		042AA7742B8E2E7A008E8012 = {
			isa = PBXGroup;
			children = (
				042AA77F2B8E2E7A008E8012 /* StocksApp */,
				042AA7952B8E2E7B008E8012 /* StocksAppTests */,
				042AA79F2B8E2E7B008E8012 /* StocksAppUITests */,
				0442A2252B9AC9C500217A09 /* StocksWidget */,
				0442A2202B9AC9C500217A09 /* Frameworks */,
				042AA77E2B8E2E7A008E8012 /* Products */,
			);
			sourceTree = "<group>";
		};
		042AA77E2B8E2E7A008E8012 /* Products */ = {
			isa = PBXGroup;
			children = (
				042AA77D2B8E2E7A008E8012 /* StocksApp.app */,
				042AA7922B8E2E7B008E8012 /* StocksAppTests.xctest */,
				042AA79C2B8E2E7B008E8012 /* StocksAppUITests.xctest */,
				0442A21F2B9AC9C500217A09 /* StocksWidgetExtension.appex */,
			);
			name = Products;
			sourceTree = "<group>";
		};
		042AA77F2B8E2E7A008E8012 /* StocksApp */ = {
			isa = PBXGroup;
			children = (
				0442A2432B9CB44500217A09 /* Services */,
				042AA7AF2B8E45FF008E8012 /* Secret */,
				042AA7B02B8E4612008E8012 /* Models */,
				042AA7B32B8E4637008E8012 /* Content */,
				042AA7842B8E2E7B008E8012 /* Assets.xcassets */,
				042AA7802B8E2E7A008E8012 /* StocksAppApp.swift */,
				042AA7892B8E2E7B008E8012 /* Persistence.swift */,
				042AA78B2B8E2E7B008E8012 /* StocksApp.xcdatamodeld */,
				042AA7862B8E2E7B008E8012 /* Preview Content */,
			);
			path = StocksApp;
			sourceTree = "<group>";
		};
		042AA7862B8E2E7B008E8012 /* Preview Content */ = {
			isa = PBXGroup;
			children = (
				042AA7872B8E2E7B008E8012 /* Preview Assets.xcassets */,
			);
			path = "Preview Content";
			sourceTree = "<group>";
		};
		042AA7952B8E2E7B008E8012 /* StocksAppTests */ = {
			isa = PBXGroup;
			children = (
				042AA7962B8E2E7B008E8012 /* StocksAppTests.swift */,
			);
			path = StocksAppTests;
			sourceTree = "<group>";
		};
		042AA79F2B8E2E7B008E8012 /* StocksAppUITests */ = {
			isa = PBXGroup;
			children = (
				042AA7A02B8E2E7B008E8012 /* StocksAppUITests.swift */,
				042AA7A22B8E2E7B008E8012 /* StocksAppUITestsLaunchTests.swift */,
			);
			path = StocksAppUITests;
			sourceTree = "<group>";
		};
		042AA7AF2B8E45FF008E8012 /* Secret */ = {
			isa = PBXGroup;
			children = (
			);
			path = Secret;
			sourceTree = "<group>";
		};
		042AA7B02B8E4612008E8012 /* Models */ = {
			isa = PBXGroup;
			children = (
				042AA7B12B8E462C008E8012 /* StockData.swift */,
			);
			path = Models;
			sourceTree = "<group>";
		};
		042AA7B32B8E4637008E8012 /* Content */ = {
			isa = PBXGroup;
			children = (
				042AA7822B8E2E7A008E8012 /* ContentView.swift */,
				042AA7B42B8E4AFF008E8012 /* ContentViewModel.swift */,
				042AA7B62B90CF46008E8012 /* LineChart.swift */,
			);
			path = Content;
			sourceTree = "<group>";
		};
		0442A2202B9AC9C500217A09 /* Frameworks */ = {
			isa = PBXGroup;
			children = (
				0442A2212B9AC9C500217A09 /* WidgetKit.framework */,
				0442A2232B9AC9C500217A09 /* SwiftUI.framework */,
			);
			name = Frameworks;
			sourceTree = "<group>";
		};
		0442A2252B9AC9C500217A09 /* StocksWidget */ = {
			isa = PBXGroup;
			children = (
				0442A2262B9AC9C500217A09 /* StocksWidgetBundle.swift */,
				0442A2282B9AC9C500217A09 /* StocksWidgetLiveActivity.swift */,
				0442A22A2B9AC9C500217A09 /* StocksWidget.swift */,
				0442A22C2B9AC9C500217A09 /* AppIntent.swift */,
				0442A22E2B9AC9C600217A09 /* Assets.xcassets */,
				0442A2302B9AC9C600217A09 /* Info.plist */,
				0442A23A2B9CB27C00217A09 /* TimelineProvider.swift */,
				0442A23C2B9CB2CB00217A09 /* TimelineEntry.swift */,
				0442A23F2B9CB30B00217A09 /* StocksWidgetView.swift */,
			);
			path = StocksWidget;
			sourceTree = "<group>";
		};
		0442A2432B9CB44500217A09 /* Services */ = {
			isa = PBXGroup;
			children = (
				0442A2442B9CB45300217A09 /* StockService.swift */,
			);
			path = Services;
			sourceTree = "<group>";
		};
/* End PBXGroup section */

/* Begin PBXNativeTarget section */
		042AA77C2B8E2E7A008E8012 /* StocksApp */ = {
			isa = PBXNativeTarget;
			buildConfigurationList = 042AA7A62B8E2E7B008E8012 /* Build configuration list for PBXNativeTarget "StocksApp" */;
			buildPhases = (
				042AA7792B8E2E7A008E8012 /* Sources */,
				042AA77A2B8E2E7A008E8012 /* Frameworks */,
				042AA77B2B8E2E7A008E8012 /* Resources */,
				0442A2342B9AC9C600217A09 /* Embed Foundation Extensions */,
			);
			buildRules = (
			);
			dependencies = (
				0442A2322B9AC9C600217A09 /* PBXTargetDependency */,
			);
			name = StocksApp;
			productName = StocksApp;
			productReference = 042AA77D2B8E2E7A008E8012 /* StocksApp.app */;
			productType = "com.apple.product-type.application";
		};
		042AA7912B8E2E7B008E8012 /* StocksAppTests */ = {
			isa = PBXNativeTarget;
			buildConfigurationList = 042AA7A92B8E2E7B008E8012 /* Build configuration list for PBXNativeTarget "StocksAppTests" */;
			buildPhases = (
				042AA78E2B8E2E7B008E8012 /* Sources */,
				042AA78F2B8E2E7B008E8012 /* Frameworks */,
				042AA7902B8E2E7B008E8012 /* Resources */,
			);
			buildRules = (
			);
			dependencies = (
				042AA7942B8E2E7B008E8012 /* PBXTargetDependency */,
			);
			name = StocksAppTests;
			productName = StocksAppTests;
			productReference = 042AA7922B8E2E7B008E8012 /* StocksAppTests.xctest */;
			productType = "com.apple.product-type.bundle.unit-test";
		};
		042AA79B2B8E2E7B008E8012 /* StocksAppUITests */ = {
			isa = PBXNativeTarget;
			buildConfigurationList = 042AA7AC2B8E2E7B008E8012 /* Build configuration list for PBXNativeTarget "StocksAppUITests" */;
			buildPhases = (
				042AA7982B8E2E7B008E8012 /* Sources */,
				042AA7992B8E2E7B008E8012 /* Frameworks */,
				042AA79A2B8E2E7B008E8012 /* Resources */,
			);
			buildRules = (
			);
			dependencies = (
				042AA79E2B8E2E7B008E8012 /* PBXTargetDependency */,
			);
			name = StocksAppUITests;
			productName = StocksAppUITests;
			productReference = 042AA79C2B8E2E7B008E8012 /* StocksAppUITests.xctest */;
			productType = "com.apple.product-type.bundle.ui-testing";
		};
		0442A21E2B9AC9C500217A09 /* StocksWidgetExtension */ = {
			isa = PBXNativeTarget;
			buildConfigurationList = 0442A2372B9AC9C600217A09 /* Build configuration list for PBXNativeTarget "StocksWidgetExtension" */;
			buildPhases = (
				0442A21B2B9AC9C500217A09 /* Sources */,
				0442A21C2B9AC9C500217A09 /* Frameworks */,
				0442A21D2B9AC9C500217A09 /* Resources */,
			);
			buildRules = (
			);
			dependencies = (
			);
			name = StocksWidgetExtension;
			productName = StocksWidgetExtension;
			productReference = 0442A21F2B9AC9C500217A09 /* StocksWidgetExtension.appex */;
			productType = "com.apple.product-type.app-extension";
		};
/* End PBXNativeTarget section */

/* Begin PBXProject section */
		042AA7752B8E2E7A008E8012 /* Project object */ = {
			isa = PBXProject;
			attributes = {
				BuildIndependentTargetsInParallel = 1;
				LastSwiftUpdateCheck = 1530;
				LastUpgradeCheck = 1520;
				TargetAttributes = {
					042AA77C2B8E2E7A008E8012 = {
						CreatedOnToolsVersion = 15.2;
					};
					042AA7912B8E2E7B008E8012 = {
						CreatedOnToolsVersion = 15.2;
						TestTargetID = 042AA77C2B8E2E7A008E8012;
					};
					042AA79B2B8E2E7B008E8012 = {
						CreatedOnToolsVersion = 15.2;
						TestTargetID = 042AA77C2B8E2E7A008E8012;
					};
					0442A21E2B9AC9C500217A09 = {
						CreatedOnToolsVersion = 15.3;
					};
				};
			};
			buildConfigurationList = 042AA7782B8E2E7A008E8012 /* Build configuration list for PBXProject "StocksApp" */;
			compatibilityVersion = "Xcode 14.0";
			developmentRegion = en;
			hasScannedForEncodings = 0;
			knownRegions = (
				en,
				Base,
			);
			mainGroup = 042AA7742B8E2E7A008E8012;
			productRefGroup = 042AA77E2B8E2E7A008E8012 /* Products */;
			projectDirPath = "";
			projectRoot = "";
			targets = (
				042AA77C2B8E2E7A008E8012 /* StocksApp */,
				042AA7912B8E2E7B008E8012 /* StocksAppTests */,
				042AA79B2B8E2E7B008E8012 /* StocksAppUITests */,
				0442A21E2B9AC9C500217A09 /* StocksWidgetExtension */,
			);
		};
/* End PBXProject section */

/* Begin PBXResourcesBuildPhase section */
		042AA77B2B8E2E7A008E8012 /* Resources */ = {
			isa = PBXResourcesBuildPhase;
			buildActionMask = 2147483647;
			files = (
				042AA7882B8E2E7B008E8012 /* Preview Assets.xcassets in Resources */,
				042AA7852B8E2E7B008E8012 /* Assets.xcassets in Resources */,
			);
			runOnlyForDeploymentPostprocessing = 0;
		};
		042AA7902B8E2E7B008E8012 /* Resources */ = {
			isa = PBXResourcesBuildPhase;
			buildActionMask = 2147483647;
			files = (
			);
			runOnlyForDeploymentPostprocessing = 0;
		};
		042AA79A2B8E2E7B008E8012 /* Resources */ = {
			isa = PBXResourcesBuildPhase;
			buildActionMask = 2147483647;
			files = (
			);
			runOnlyForDeploymentPostprocessing = 0;
		};
		0442A21D2B9AC9C500217A09 /* Resources */ = {
			isa = PBXResourcesBuildPhase;
			buildActionMask = 2147483647;
			files = (
				0442A22F2B9AC9C600217A09 /* Assets.xcassets in Resources */,
			);
			runOnlyForDeploymentPostprocessing = 0;
		};
/* End PBXResourcesBuildPhase section */

/* Begin PBXSourcesBuildPhase section */
		042AA7792B8E2E7A008E8012 /* Sources */ = {
			isa = PBXSourcesBuildPhase;
			buildActionMask = 2147483647;
			files = (
				042AA78A2B8E2E7B008E8012 /* Persistence.swift in Sources */,
				042AA7832B8E2E7A008E8012 /* ContentView.swift in Sources */,
				0442A2452B9CB45300217A09 /* StockService.swift in Sources */,
				042AA7B52B8E4AFF008E8012 /* ContentViewModel.swift in Sources */,
				042AA78D2B8E2E7B008E8012 /* StocksApp.xcdatamodeld in Sources */,
				042AA7B72B90CF46008E8012 /* LineChart.swift in Sources */,
				042AA7B22B8E462C008E8012 /* StockData.swift in Sources */,
				042AA7812B8E2E7A008E8012 /* StocksAppApp.swift in Sources */,
			);
			runOnlyForDeploymentPostprocessing = 0;
		};
		042AA78E2B8E2E7B008E8012 /* Sources */ = {
			isa = PBXSourcesBuildPhase;
			buildActionMask = 2147483647;
			files = (
				042AA7972B8E2E7B008E8012 /* StocksAppTests.swift in Sources */,
			);
			runOnlyForDeploymentPostprocessing = 0;
		};
		042AA7982B8E2E7B008E8012 /* Sources */ = {
			isa = PBXSourcesBuildPhase;
			buildActionMask = 2147483647;
			files = (
				042AA7A12B8E2E7B008E8012 /* StocksAppUITests.swift in Sources */,
				042AA7A32B8E2E7B008E8012 /* StocksAppUITestsLaunchTests.swift in Sources */,
			);
			runOnlyForDeploymentPostprocessing = 0;
		};
		0442A21B2B9AC9C500217A09 /* Sources */ = {
			isa = PBXSourcesBuildPhase;
			buildActionMask = 2147483647;
			files = (
				0442A22B2B9AC9C500217A09 /* StocksWidget.swift in Sources */,
				0442A22D2B9AC9C500217A09 /* AppIntent.swift in Sources */,
				0442A2272B9AC9C500217A09 /* StocksWidgetBundle.swift in Sources */,
				0442A23D2B9CB2CB00217A09 /* TimelineEntry.swift in Sources */,
				0442A2462B9CB5AF00217A09 /* StockService.swift in Sources */,
				0442A2412B9CB3EE00217A09 /* LineChart.swift in Sources */,
				0442A2292B9AC9C500217A09 /* StocksWidgetLiveActivity.swift in Sources */,
				0442A2402B9CB30B00217A09 /* StocksWidgetView.swift in Sources */,
				0442A23B2B9CB27C00217A09 /* TimelineProvider.swift in Sources */,
				0442A2422B9CB42A00217A09 /* StockData.swift in Sources */,
			);
			runOnlyForDeploymentPostprocessing = 0;
		};
/* End PBXSourcesBuildPhase section */

/* Begin PBXTargetDependency section */
		042AA7942B8E2E7B008E8012 /* PBXTargetDependency */ = {
			isa = PBXTargetDependency;
			target = 042AA77C2B8E2E7A008E8012 /* StocksApp */;
			targetProxy = 042AA7932B8E2E7B008E8012 /* PBXContainerItemProxy */;
		};
		042AA79E2B8E2E7B008E8012 /* PBXTargetDependency */ = {
			isa = PBXTargetDependency;
			target = 042AA77C2B8E2E7A008E8012 /* StocksApp */;
			targetProxy = 042AA79D2B8E2E7B008E8012 /* PBXContainerItemProxy */;
		};
		0442A2322B9AC9C600217A09 /* PBXTargetDependency */ = {
			isa = PBXTargetDependency;
			target = 0442A21E2B9AC9C500217A09 /* StocksWidgetExtension */;
			targetProxy = 0442A2312B9AC9C600217A09 /* PBXContainerItemProxy */;
		};
/* End PBXTargetDependency section */

/* Begin XCBuildConfiguration section */
		042AA7A42B8E2E7B008E8012 /* Debug */ = {
			isa = XCBuildConfiguration;
			buildSettings = {
				ALWAYS_SEARCH_USER_PATHS = NO;
				ASSETCATALOG_COMPILER_GENERATE_SWIFT_ASSET_SYMBOL_EXTENSIONS = YES;
				CLANG_ANALYZER_NONNULL = YES;
				CLANG_ANALYZER_NUMBER_OBJECT_CONVERSION = YES_AGGRESSIVE;
				CLANG_CXX_LANGUAGE_STANDARD = "gnu++20";
				CLANG_ENABLE_MODULES = YES;
				CLANG_ENABLE_OBJC_ARC = YES;
				CLANG_ENABLE_OBJC_WEAK = YES;
				CLANG_WARN_BLOCK_CAPTURE_AUTORELEASING = YES;
				CLANG_WARN_BOOL_CONVERSION = YES;
				CLANG_WARN_COMMA = YES;
				CLANG_WARN_CONSTANT_CONVERSION = YES;
				CLANG_WARN_DEPRECATED_OBJC_IMPLEMENTATIONS = YES;
				CLANG_WARN_DIRECT_OBJC_ISA_USAGE = YES_ERROR;
				CLANG_WARN_DOCUMENTATION_COMMENTS = YES;
				CLANG_WARN_EMPTY_BODY = YES;
				CLANG_WARN_ENUM_CONVERSION = YES;
				CLANG_WARN_INFINITE_RECURSION = YES;
				CLANG_WARN_INT_CONVERSION = YES;
				CLANG_WARN_NON_LITERAL_NULL_CONVERSION = YES;
				CLANG_WARN_OBJC_IMPLICIT_RETAIN_SELF = YES;
				CLANG_WARN_OBJC_LITERAL_CONVERSION = YES;
				CLANG_WARN_OBJC_ROOT_CLASS = YES_ERROR;
				CLANG_WARN_QUOTED_INCLUDE_IN_FRAMEWORK_HEADER = YES;
				CLANG_WARN_RANGE_LOOP_ANALYSIS = YES;
				CLANG_WARN_STRICT_PROTOTYPES = YES;
				CLANG_WARN_SUSPICIOUS_MOVE = YES;
				CLANG_WARN_UNGUARDED_AVAILABILITY = YES_AGGRESSIVE;
				CLANG_WARN_UNREACHABLE_CODE = YES;
				CLANG_WARN__DUPLICATE_METHOD_MATCH = YES;
				COPY_PHASE_STRIP = NO;
				DEBUG_INFORMATION_FORMAT = dwarf;
				ENABLE_STRICT_OBJC_MSGSEND = YES;
				ENABLE_TESTABILITY = YES;
				ENABLE_USER_SCRIPT_SANDBOXING = YES;
				GCC_C_LANGUAGE_STANDARD = gnu17;
				GCC_DYNAMIC_NO_PIC = NO;
				GCC_NO_COMMON_BLOCKS = YES;
				GCC_OPTIMIZATION_LEVEL = 0;
				GCC_PREPROCESSOR_DEFINITIONS = (
					"DEBUG=1",
					"$(inherited)",
				);
				GCC_WARN_64_TO_32_BIT_CONVERSION = YES;
				GCC_WARN_ABOUT_RETURN_TYPE = YES_ERROR;
				GCC_WARN_UNDECLARED_SELECTOR = YES;
				GCC_WARN_UNINITIALIZED_AUTOS = YES_AGGRESSIVE;
				GCC_WARN_UNUSED_FUNCTION = YES;
				GCC_WARN_UNUSED_VARIABLE = YES;
				IPHONEOS_DEPLOYMENT_TARGET = 17.2;
				LOCALIZATION_PREFERS_STRING_CATALOGS = YES;
				MTL_ENABLE_DEBUG_INFO = INCLUDE_SOURCE;
				MTL_FAST_MATH = YES;
				ONLY_ACTIVE_ARCH = YES;
				SDKROOT = iphoneos;
				SWIFT_ACTIVE_COMPILATION_CONDITIONS = "DEBUG $(inherited)";
				SWIFT_OPTIMIZATION_LEVEL = "-Onone";
			};
			name = Debug;
		};
		042AA7A52B8E2E7B008E8012 /* Release */ = {
			isa = XCBuildConfiguration;
			buildSettings = {
				ALWAYS_SEARCH_USER_PATHS = NO;
				ASSETCATALOG_COMPILER_GENERATE_SWIFT_ASSET_SYMBOL_EXTENSIONS = YES;
				CLANG_ANALYZER_NONNULL = YES;
				CLANG_ANALYZER_NUMBER_OBJECT_CONVERSION = YES_AGGRESSIVE;
				CLANG_CXX_LANGUAGE_STANDARD = "gnu++20";
				CLANG_ENABLE_MODULES = YES;
				CLANG_ENABLE_OBJC_ARC = YES;
				CLANG_ENABLE_OBJC_WEAK = YES;
				CLANG_WARN_BLOCK_CAPTURE_AUTORELEASING = YES;
				CLANG_WARN_BOOL_CONVERSION = YES;
				CLANG_WARN_COMMA = YES;
				CLANG_WARN_CONSTANT_CONVERSION = YES;
				CLANG_WARN_DEPRECATED_OBJC_IMPLEMENTATIONS = YES;
				CLANG_WARN_DIRECT_OBJC_ISA_USAGE = YES_ERROR;
				CLANG_WARN_DOCUMENTATION_COMMENTS = YES;
				CLANG_WARN_EMPTY_BODY = YES;
				CLANG_WARN_ENUM_CONVERSION = YES;
				CLANG_WARN_INFINITE_RECURSION = YES;
				CLANG_WARN_INT_CONVERSION = YES;
				CLANG_WARN_NON_LITERAL_NULL_CONVERSION = YES;
				CLANG_WARN_OBJC_IMPLICIT_RETAIN_SELF = YES;
				CLANG_WARN_OBJC_LITERAL_CONVERSION = YES;
				CLANG_WARN_OBJC_ROOT_CLASS = YES_ERROR;
				CLANG_WARN_QUOTED_INCLUDE_IN_FRAMEWORK_HEADER = YES;
				CLANG_WARN_RANGE_LOOP_ANALYSIS = YES;
				CLANG_WARN_STRICT_PROTOTYPES = YES;
				CLANG_WARN_SUSPICIOUS_MOVE = YES;
				CLANG_WARN_UNGUARDED_AVAILABILITY = YES_AGGRESSIVE;
				CLANG_WARN_UNREACHABLE_CODE = YES;
				CLANG_WARN__DUPLICATE_METHOD_MATCH = YES;
				COPY_PHASE_STRIP = NO;
				DEBUG_INFORMATION_FORMAT = "dwarf-with-dsym";
				ENABLE_NS_ASSERTIONS = NO;
				ENABLE_STRICT_OBJC_MSGSEND = YES;
				ENABLE_USER_SCRIPT_SANDBOXING = YES;
				GCC_C_LANGUAGE_STANDARD = gnu17;
				GCC_NO_COMMON_BLOCKS = YES;
				GCC_WARN_64_TO_32_BIT_CONVERSION = YES;
				GCC_WARN_ABOUT_RETURN_TYPE = YES_ERROR;
				GCC_WARN_UNDECLARED_SELECTOR = YES;
				GCC_WARN_UNINITIALIZED_AUTOS = YES_AGGRESSIVE;
				GCC_WARN_UNUSED_FUNCTION = YES;
				GCC_WARN_UNUSED_VARIABLE = YES;
				IPHONEOS_DEPLOYMENT_TARGET = 17.2;
				LOCALIZATION_PREFERS_STRING_CATALOGS = YES;
				MTL_ENABLE_DEBUG_INFO = NO;
				MTL_FAST_MATH = YES;
				SDKROOT = iphoneos;
				SWIFT_COMPILATION_MODE = wholemodule;
				VALIDATE_PRODUCT = YES;
			};
			name = Release;
		};
		042AA7A72B8E2E7B008E8012 /* Debug */ = {
			isa = XCBuildConfiguration;
			buildSettings = {
				ALWAYS_EMBED_SWIFT_STANDARD_LIBRARIES = YES;
				ASSETCATALOG_COMPILER_APPICON_NAME = AppIcon;
				ASSETCATALOG_COMPILER_GLOBAL_ACCENT_COLOR_NAME = AccentColor;
				CODE_SIGN_STYLE = Automatic;
				CURRENT_PROJECT_VERSION = 1;
				DEVELOPMENT_ASSET_PATHS = "\"StocksApp/Preview Content\"";
				DEVELOPMENT_TEAM = 9J86PAFJNS;
				ENABLE_PREVIEWS = YES;
				GENERATE_INFOPLIST_FILE = YES;
				INFOPLIST_KEY_UIApplicationSceneManifest_Generation = YES;
				INFOPLIST_KEY_UIApplicationSupportsIndirectInputEvents = YES;
				INFOPLIST_KEY_UILaunchScreen_Generation = YES;
				INFOPLIST_KEY_UISupportedInterfaceOrientations_iPad = "UIInterfaceOrientationPortrait UIInterfaceOrientationPortraitUpsideDown UIInterfaceOrientationLandscapeLeft UIInterfaceOrientationLandscapeRight";
				INFOPLIST_KEY_UISupportedInterfaceOrientations_iPhone = "UIInterfaceOrientationPortrait UIInterfaceOrientationLandscapeLeft UIInterfaceOrientationLandscapeRight";
				LD_RUNPATH_SEARCH_PATHS = (
					"$(inherited)",
					"@executable_path/Frameworks",
				);
				MARKETING_VERSION = 1.0;
				PRODUCT_BUNDLE_IDENTIFIER = DKJ.StocksApp;
				PRODUCT_NAME = "$(TARGET_NAME)";
				SWIFT_EMIT_LOC_STRINGS = YES;
				SWIFT_VERSION = 5.0;
				TARGETED_DEVICE_FAMILY = "1,2";
			};
			name = Debug;
		};
		042AA7A82B8E2E7B008E8012 /* Release */ = {
			isa = XCBuildConfiguration;
			buildSettings = {
				ALWAYS_EMBED_SWIFT_STANDARD_LIBRARIES = YES;
				ASSETCATALOG_COMPILER_APPICON_NAME = AppIcon;
				ASSETCATALOG_COMPILER_GLOBAL_ACCENT_COLOR_NAME = AccentColor;
				CODE_SIGN_STYLE = Automatic;
				CURRENT_PROJECT_VERSION = 1;
				DEVELOPMENT_ASSET_PATHS = "\"StocksApp/Preview Content\"";
				DEVELOPMENT_TEAM = 9J86PAFJNS;
				ENABLE_PREVIEWS = YES;
				GENERATE_INFOPLIST_FILE = YES;
				INFOPLIST_KEY_UIApplicationSceneManifest_Generation = YES;
				INFOPLIST_KEY_UIApplicationSupportsIndirectInputEvents = YES;
				INFOPLIST_KEY_UILaunchScreen_Generation = YES;
				INFOPLIST_KEY_UISupportedInterfaceOrientations_iPad = "UIInterfaceOrientationPortrait UIInterfaceOrientationPortraitUpsideDown UIInterfaceOrientationLandscapeLeft UIInterfaceOrientationLandscapeRight";
				INFOPLIST_KEY_UISupportedInterfaceOrientations_iPhone = "UIInterfaceOrientationPortrait UIInterfaceOrientationLandscapeLeft UIInterfaceOrientationLandscapeRight";
				LD_RUNPATH_SEARCH_PATHS = (
					"$(inherited)",
					"@executable_path/Frameworks",
				);
				MARKETING_VERSION = 1.0;
				PRODUCT_BUNDLE_IDENTIFIER = DKJ.StocksApp;
				PRODUCT_NAME = "$(TARGET_NAME)";
				SWIFT_EMIT_LOC_STRINGS = YES;
				SWIFT_VERSION = 5.0;
				TARGETED_DEVICE_FAMILY = "1,2";
			};
			name = Release;
		};
		042AA7AA2B8E2E7B008E8012 /* Debug */ = {
			isa = XCBuildConfiguration;
			buildSettings = {
				ALWAYS_EMBED_SWIFT_STANDARD_LIBRARIES = YES;
				BUNDLE_LOADER = "$(TEST_HOST)";
				CODE_SIGN_STYLE = Automatic;
				CURRENT_PROJECT_VERSION = 1;
				DEVELOPMENT_TEAM = 9J86PAFJNS;
				GENERATE_INFOPLIST_FILE = YES;
				IPHONEOS_DEPLOYMENT_TARGET = 17.2;
				MARKETING_VERSION = 1.0;
				PRODUCT_BUNDLE_IDENTIFIER = DKJ.StocksAppTests;
				PRODUCT_NAME = "$(TARGET_NAME)";
				SWIFT_EMIT_LOC_STRINGS = NO;
				SWIFT_VERSION = 5.0;
				TARGETED_DEVICE_FAMILY = "1,2";
				TEST_HOST = "$(BUILT_PRODUCTS_DIR)/StocksApp.app/$(BUNDLE_EXECUTABLE_FOLDER_PATH)/StocksApp";
			};
			name = Debug;
		};
		042AA7AB2B8E2E7B008E8012 /* Release */ = {
			isa = XCBuildConfiguration;
			buildSettings = {
				ALWAYS_EMBED_SWIFT_STANDARD_LIBRARIES = YES;
				BUNDLE_LOADER = "$(TEST_HOST)";
				CODE_SIGN_STYLE = Automatic;
				CURRENT_PROJECT_VERSION = 1;
				DEVELOPMENT_TEAM = 9J86PAFJNS;
				GENERATE_INFOPLIST_FILE = YES;
				IPHONEOS_DEPLOYMENT_TARGET = 17.2;
				MARKETING_VERSION = 1.0;
				PRODUCT_BUNDLE_IDENTIFIER = DKJ.StocksAppTests;
				PRODUCT_NAME = "$(TARGET_NAME)";
				SWIFT_EMIT_LOC_STRINGS = NO;
				SWIFT_VERSION = 5.0;
				TARGETED_DEVICE_FAMILY = "1,2";
				TEST_HOST = "$(BUILT_PRODUCTS_DIR)/StocksApp.app/$(BUNDLE_EXECUTABLE_FOLDER_PATH)/StocksApp";
			};
			name = Release;
		};
		042AA7AD2B8E2E7B008E8012 /* Debug */ = {
			isa = XCBuildConfiguration;
			buildSettings = {
				ALWAYS_EMBED_SWIFT_STANDARD_LIBRARIES = YES;
				CODE_SIGN_STYLE = Automatic;
				CURRENT_PROJECT_VERSION = 1;
				DEVELOPMENT_TEAM = 9J86PAFJNS;
				GENERATE_INFOPLIST_FILE = YES;
				MARKETING_VERSION = 1.0;
				PRODUCT_BUNDLE_IDENTIFIER = DKJ.StocksAppUITests;
				PRODUCT_NAME = "$(TARGET_NAME)";
				SWIFT_EMIT_LOC_STRINGS = NO;
				SWIFT_VERSION = 5.0;
				TARGETED_DEVICE_FAMILY = "1,2";
				TEST_TARGET_NAME = StocksApp;
			};
			name = Debug;
		};
		042AA7AE2B8E2E7B008E8012 /* Release */ = {
			isa = XCBuildConfiguration;
			buildSettings = {
				ALWAYS_EMBED_SWIFT_STANDARD_LIBRARIES = YES;
				CODE_SIGN_STYLE = Automatic;
				CURRENT_PROJECT_VERSION = 1;
				DEVELOPMENT_TEAM = 9J86PAFJNS;
				GENERATE_INFOPLIST_FILE = YES;
				MARKETING_VERSION = 1.0;
				PRODUCT_BUNDLE_IDENTIFIER = DKJ.StocksAppUITests;
				PRODUCT_NAME = "$(TARGET_NAME)";
				SWIFT_EMIT_LOC_STRINGS = NO;
				SWIFT_VERSION = 5.0;
				TARGETED_DEVICE_FAMILY = "1,2";
				TEST_TARGET_NAME = StocksApp;
			};
			name = Release;
		};
		0442A2352B9AC9C600217A09 /* Debug */ = {
			isa = XCBuildConfiguration;
			buildSettings = {
				ASSETCATALOG_COMPILER_GLOBAL_ACCENT_COLOR_NAME = AccentColor;
				ASSETCATALOG_COMPILER_WIDGET_BACKGROUND_COLOR_NAME = WidgetBackground;
				CODE_SIGN_STYLE = Automatic;
				CURRENT_PROJECT_VERSION = 1;
				DEVELOPMENT_TEAM = 9J86PAFJNS;
				GENERATE_INFOPLIST_FILE = YES;
				INFOPLIST_FILE = StocksWidget/Info.plist;
				INFOPLIST_KEY_CFBundleDisplayName = StocksWidget;
				INFOPLIST_KEY_NSHumanReadableCopyright = "";
				IPHONEOS_DEPLOYMENT_TARGET = 17.4;
				LD_RUNPATH_SEARCH_PATHS = (
					"$(inherited)",
					"@executable_path/Frameworks",
					"@executable_path/../../Frameworks",
				);
				MARKETING_VERSION = 1.0;
				PRODUCT_BUNDLE_IDENTIFIER = DKJ.StocksApp.StocksWidget;
				PRODUCT_NAME = "$(TARGET_NAME)";
				SKIP_INSTALL = YES;
				SWIFT_EMIT_LOC_STRINGS = YES;
				SWIFT_VERSION = 5.0;
				TARGETED_DEVICE_FAMILY = "1,2";
			};
			name = Debug;
		};
		0442A2362B9AC9C600217A09 /* Release */ = {
			isa = XCBuildConfiguration;
			buildSettings = {
				ASSETCATALOG_COMPILER_GLOBAL_ACCENT_COLOR_NAME = AccentColor;
				ASSETCATALOG_COMPILER_WIDGET_BACKGROUND_COLOR_NAME = WidgetBackground;
				CODE_SIGN_STYLE = Automatic;
				CURRENT_PROJECT_VERSION = 1;
				DEVELOPMENT_TEAM = 9J86PAFJNS;
				GENERATE_INFOPLIST_FILE = YES;
				INFOPLIST_FILE = StocksWidget/Info.plist;
				INFOPLIST_KEY_CFBundleDisplayName = StocksWidget;
				INFOPLIST_KEY_NSHumanReadableCopyright = "";
				IPHONEOS_DEPLOYMENT_TARGET = 17.4;
				LD_RUNPATH_SEARCH_PATHS = (
					"$(inherited)",
					"@executable_path/Frameworks",
					"@executable_path/../../Frameworks",
				);
				MARKETING_VERSION = 1.0;
				PRODUCT_BUNDLE_IDENTIFIER = DKJ.StocksApp.StocksWidget;
				PRODUCT_NAME = "$(TARGET_NAME)";
				SKIP_INSTALL = YES;
				SWIFT_EMIT_LOC_STRINGS = YES;
				SWIFT_VERSION = 5.0;
				TARGETED_DEVICE_FAMILY = "1,2";
			};
			name = Release;
		};
/* End XCBuildConfiguration section */

/* Begin XCConfigurationList section */
		042AA7782B8E2E7A008E8012 /* Build configuration list for PBXProject "StocksApp" */ = {
			isa = XCConfigurationList;
			buildConfigurations = (
				042AA7A42B8E2E7B008E8012 /* Debug */,
				042AA7A52B8E2E7B008E8012 /* Release */,
			);
			defaultConfigurationIsVisible = 0;
			defaultConfigurationName = Release;
		};
		042AA7A62B8E2E7B008E8012 /* Build configuration list for PBXNativeTarget "StocksApp" */ = {
			isa = XCConfigurationList;
			buildConfigurations = (
				042AA7A72B8E2E7B008E8012 /* Debug */,
				042AA7A82B8E2E7B008E8012 /* Release */,
			);
			defaultConfigurationIsVisible = 0;
			defaultConfigurationName = Release;
		};
		042AA7A92B8E2E7B008E8012 /* Build configuration list for PBXNativeTarget "StocksAppTests" */ = {
			isa = XCConfigurationList;
			buildConfigurations = (
				042AA7AA2B8E2E7B008E8012 /* Debug */,
				042AA7AB2B8E2E7B008E8012 /* Release */,
			);
			defaultConfigurationIsVisible = 0;
			defaultConfigurationName = Release;
		};
		042AA7AC2B8E2E7B008E8012 /* Build configuration list for PBXNativeTarget "StocksAppUITests" */ = {
			isa = XCConfigurationList;
			buildConfigurations = (
				042AA7AD2B8E2E7B008E8012 /* Debug */,
				042AA7AE2B8E2E7B008E8012 /* Release */,
			);
			defaultConfigurationIsVisible = 0;
			defaultConfigurationName = Release;
		};
		0442A2372B9AC9C600217A09 /* Build configuration list for PBXNativeTarget "StocksWidgetExtension" */ = {
			isa = XCConfigurationList;
			buildConfigurations = (
				0442A2352B9AC9C600217A09 /* Debug */,
				0442A2362B9AC9C600217A09 /* Release */,
			);
			defaultConfigurationIsVisible = 0;
			defaultConfigurationName = Release;
		};
/* End XCConfigurationList section */

/* Begin XCVersionGroup section */
		042AA78B2B8E2E7B008E8012 /* StocksApp.xcdatamodeld */ = {
			isa = XCVersionGroup;
			children = (
				042AA78C2B8E2E7B008E8012 /* StocksApp.xcdatamodel */,
			);
			currentVersion = 042AA78C2B8E2E7B008E8012 /* StocksApp.xcdatamodel */;
			path = StocksApp.xcdatamodeld;
			sourceTree = "<group>";
			versionGroupType = wrapper.xcdatamodel;
		};
/* End XCVersionGroup section */
	};
	rootObject = 042AA7752B8E2E7A008E8012 /* Project object */;
}
